
Microsoft Visual Studio Solution File, Format Version 12.00
# Visual Studio Version 17
VisualStudioVersion = 17.11.35312.102
MinimumVisualStudioVersion = 10.0.40219.1
Project("{FAE04EC0-301F-11D3-BF4B-00C04F79EFBC}") = "SistemaEmpleado", "SistemaEmpleado\SistemaEmpleado.csproj", "{DE13B385-1A0F-43C0-BA6C-18ED66844445}"
EndProject
Global
	GlobalSection(SolutionConfigurationPlatforms) = preSolution
		Debug|Any CPU = Debug|Any CPU
		Release|Any CPU = Release|Any CPU
	EndGlobalSection
	GlobalSection(ProjectConfigurationPlatforms) = postSolution
		{DE13B385-1A0F-43C0-BA6C-18ED66844445}.Debug|Any CPU.ActiveCfg = Debug|Any CPU
		{DE13B385-1A0F-43C0-BA6C-18ED66844445}.Debug|Any CPU.Build.0 = Debug|Any CPU
		{DE13B385-1A0F-43C0-BA6C-18ED66844445}.Release|Any CPU.ActiveCfg = Release|Any CPU
		{DE13B385-1A0F-43C0-BA6C-18ED66844445}.Release|Any CPU.Build.0 = Release|Any CPU
	EndGlobalSection
	GlobalSection(SolutionProperties) = preSolution
		HideSolutionNode = FALSE
	EndGlobalSection
	GlobalSection(ExtensibilityGlobals) = postSolution
		SolutionGuid = {958846F5-99D7-462A-BC9B-99489E9FF9DE}
	EndGlobalSection
EndGlobal
